{
  "meteor": {},
  "dependencies": {
    "basePackages": {
      "font-awesome": {},
      "flatstrap": {},
      "moment": {},
      "spin": {},
      "filesaver": {}
    },
    "packages": {
      "font-awesome": {
        "git": "https://github.com/nate-strauser/meteor-font-awesome.git",
        "tag": "v4.1.0",
        "commit": "ce6b1e92715d1938babc5d69c655c17e387f5926"
      },
      "flatstrap": {
        "git": "https://github.com/fraherm/flatstrap.git",
        "tag": "v1.0.0",
        "commit": "f6f79e940524bdd1aa379fd708d8eda0f83dc557"
      },
      "moment": {
        "git": "https://github.com/acreeger/meteor-moment.git",
        "tag": "v2.8.1",
        "commit": "722ea63783d594341023836b7d418ab2567dab8c"
      },
      "spin": {
        "git": "https://github.com/SachaG/meteor-spin.git",
        "tag": "v2.0.4",
        "commit": "f7b1e12a7caff1283cdb3671a393c182d0ae9862"
      },
      "filesaver": {
        "git": "https://github.com/Meloncon/meteor-filesaver.git",
        "tag": "v0.0.3",
        "commit": "a8dffab43edc88722138e6416b024fbf6b8fa44a"
      }
    }
  }
}
